{
    "_readme": [
        "This file locks the dependencies of your project to a known state",
        "Read more about it at https://getcomposer.org/doc/01-basic-usage.md#installing-dependencies",
        "This file is @generated automatically"
    ],
    "content-hash": "560c5eb55b7eed9bf367d2c2e318b0b2",
    "packages": [],
    "packages-dev": [],
    "aliases": [],
    "minimum-stability": "stable",
    "stability-flags": [],
    "prefer-stable": false,
    "prefer-lowest": false,
    "platform": {
        "php": ">=7.3.6"
    },
    "platform-dev": [],
    "platform-overrides": {
        "php": "7.3.6"
    },
    "plugin-api-version": "2.0.0"
}
