{
    "_readme": [
        "This file locks the dependencies of your project to a known state",
        "Read more about it at https://getcomposer.org/doc/01-basic-usage.md#installing-dependencies",
        "This file is @generated automatically"
    ],
    "content-hash": "af610c9a8fb2cf713bb00fa0a6794ac3",
    "packages": [
        {
            "name": "scssphp/scssphp",
            "version": "v1.10.3",
            "source": {
                "type": "git",
                "url": "https://github.com/scssphp/scssphp.git",
                "reference": "0f1e1516ed2412ad43e42a6a319e77624ba1f713"
            },
            "dist": {
                "type": "zip",
                "url": "https://api.github.com/repos/scssphp/scssphp/zipball/0f1e1516ed2412ad43e42a6a319e77624ba1f713",
                "reference": "0f1e1516ed2412ad43e42a6a319e77624ba1f713",
                "shasum": ""
            },
            "require": {
                "ext-ctype": "*",
                "ext-json": "*",
                "php": ">=5.6.0"
            },
            "require-dev": {
                "bamarni/composer-bin-plugin": "^1.4",
                "phpunit/phpunit": "^5.7 || ^6.5 || ^7.5 || ^8.3 || ^9.4",
                "sass/sass-spec": "*",
                "squizlabs/php_codesniffer": "~3.5",
                "symfony/phpunit-bridge": "^5.1",
                "thoughtbot/bourbon": "^7.0",
                "twbs/bootstrap": "~5.0",
                "twbs/bootstrap4": "4.6.1",
                "zurb/foundation": "~6.5"
            },
            "suggest": {
                "ext-iconv": "Can be used as fallback when ext-mbstring is not available",
                "ext-mbstring": "For best performance, mbstring should be installed as it is faster than ext-iconv"
            },
            "bin": [
                "bin/pscss"
            ],
            "type": "library",
            "autoload": {
                "psr-4": {
                    "ScssPhp\\ScssPhp\\": "src/"
                }
            },
            "notification-url": "https://packagist.org/downloads/",
            "license": [
                "MIT"
            ],
            "authors": [
                {
                    "name": "Anthon Pang",
                    "email": "apang@softwaredevelopment.ca",
                    "homepage": "https://github.com/robocoder"
                },
                {
                    "name": "Cédric Morin",
                    "email": "cedric@yterium.com",
                    "homepage": "https://github.com/Cerdic"
                }
            ],
            "description": "scssphp is a compiler for SCSS written in PHP.",
            "homepage": "http://scssphp.github.io/scssphp/",
            "keywords": [
                "css",
                "less",
                "sass",
                "scss",
                "stylesheet"
            ],
            "support": {
                "issues": "https://github.com/scssphp/scssphp/issues",
                "source": "https://github.com/scssphp/scssphp/tree/v1.10.3"
            },
            "time": "2022-05-16T07:22:18+00:00"
        },
        {
            "name": "symfony/polyfill-ctype",
            "version": "v1.26.0",
            "source": {
                "type": "git",
                "url": "https://github.com/symfony/polyfill-ctype.git",
                "reference": "6fd1b9a79f6e3cf65f9e679b23af304cd9e010d4"
            },
            "dist": {
                "type": "zip",
                "url": "https://api.github.com/repos/symfony/polyfill-ctype/zipball/6fd1b9a79f6e3cf65f9e679b23af304cd9e010d4",
                "reference": "6fd1b9a79f6e3cf65f9e679b23af304cd9e010d4",
                "shasum": ""
            },
            "require": {
                "php": ">=7.1"
            },
            "provide": {
                "ext-ctype": "*"
            },
            "suggest": {
                "ext-ctype": "For best performance"
            },
            "type": "library",
            "extra": {
                "branch-alias": {
                    "dev-main": "1.26-dev"
                },
                "thanks": {
                    "name": "symfony/polyfill",
                    "url": "https://github.com/symfony/polyfill"
                }
            },
            "autoload": {
                "files": [
                    "bootstrap.php"
                ],
                "psr-4": {
                    "Symfony\\Polyfill\\Ctype\\": ""
                }
            },
            "notification-url": "https://packagist.org/downloads/",
            "license": [
                "MIT"
            ],
            "authors": [
                {
                    "name": "Gert de Pagter",
                    "email": "BackEndTea@gmail.com"
                },
                {
                    "name": "Symfony Community",
                    "homepage": "https://symfony.com/contributors"
                }
            ],
            "description": "Symfony polyfill for ctype functions",
            "homepage": "https://symfony.com",
            "keywords": [
                "compatibility",
                "ctype",
                "polyfill",
                "portable"
            ],
            "support": {
                "source": "https://github.com/symfony/polyfill-ctype/tree/v1.26.0"
            },
            "funding": [
                {
                    "url": "https://symfony.com/sponsor",
                    "type": "custom"
                },
                {
                    "url": "https://github.com/fabpot",
                    "type": "github"
                },
                {
                    "url": "https://tidelift.com/funding/github/packagist/symfony/symfony",
                    "type": "tidelift"
                }
            ],
            "time": "2022-05-24T11:49:31+00:00"
        },
        {
            "name": "twig/twig",
            "version": "v1.44.6",
            "source": {
                "type": "git",
                "url": "https://github.com/twigphp/Twig.git",
                "reference": "ae39480f010ef88adc7938503c9b02d3baf2f3b3"
            },
            "dist": {
                "type": "zip",
                "url": "https://api.github.com/repos/twigphp/Twig/zipball/ae39480f010ef88adc7938503c9b02d3baf2f3b3",
                "reference": "ae39480f010ef88adc7938503c9b02d3baf2f3b3",
                "shasum": ""
            },
            "require": {
                "php": ">=7.2.5",
                "symfony/polyfill-ctype": "^1.8"
            },
            "require-dev": {
                "psr/container": "^1.0",
                "symfony/phpunit-bridge": "^4.4.9|^5.0.9"
            },
            "type": "library",
            "extra": {
                "branch-alias": {
                    "dev-master": "1.44-dev"
                }
            },
            "autoload": {
                "psr-0": {
                    "Twig_": "lib/"
                },
                "psr-4": {
                    "Twig\\": "src/"
                }
            },
            "notification-url": "https://packagist.org/downloads/",
            "license": [
                "BSD-3-Clause"
            ],
            "authors": [
                {
                    "name": "Fabien Potencier",
                    "email": "fabien@symfony.com",
                    "homepage": "http://fabien.potencier.org",
                    "role": "Lead Developer"
                },
                {
                    "name": "Twig Team",
                    "role": "Contributors"
                },
                {
                    "name": "Armin Ronacher",
                    "email": "armin.ronacher@active-4.com",
                    "role": "Project Founder"
                }
            ],
            "description": "Twig, the flexible, fast, and secure template language for PHP",
            "homepage": "https://twig.symfony.com",
            "keywords": [
                "templating"
            ],
            "support": {
                "issues": "https://github.com/twigphp/Twig/issues",
                "source": "https://github.com/twigphp/Twig/tree/v1.44.6"
            },
            "funding": [
                {
                    "url": "https://github.com/fabpot",
                    "type": "github"
                },
                {
                    "url": "https://tidelift.com/funding/github/packagist/twig/twig",
                    "type": "tidelift"
                }
            ],
            "time": "2021-11-25T13:31:46+00:00"
        }
    ],
    "packages-dev": [],
    "aliases": [],
    "minimum-stability": "stable",
    "stability-flags": [],
    "prefer-stable": false,
    "prefer-lowest": false,
    "platform": {
        "php": ">=7.2.5"
    },
    "platform-dev": [],
    "platform-overrides": {
        "php": "7.2.5"
    },
    "plugin-api-version": "2.2.0"
}
